
Microsoft Visual Studio Solution File, Format Version 12.00
# Visual Studio 2012
Project("{8BC9CEB8-8B4A-11D0-8D11-00A0C91BC942}") = "ConsoleMax", "ConsoleMax\ConsoleMax.vcxproj", "{18160ECC-B5DA-47AD-98B9-2D9527D8C1FE}"
EndProject
Global
	GlobalSection(SolutionConfigurationPlatforms) = preSolution
		Debug|Win32 = Debug|Win32
		Release|Win32 = Release|Win32
	EndGlobalSection
	GlobalSection(ProjectConfigurationPlatforms) = postSolution
		{18160ECC-B5DA-47AD-98B9-2D9527D8C1FE}.Debug|Win32.ActiveCfg = Debug|Win32
		{18160ECC-B5DA-47AD-98B9-2D9527D8C1FE}.Debug|Win32.Build.0 = Debug|Win32
		{18160ECC-B5DA-47AD-98B9-2D9527D8C1FE}.Release|Win32.ActiveCfg = Release|Win32
		{18160ECC-B5DA-47AD-98B9-2D9527D8C1FE}.Release|Win32.Build.0 = Release|Win32
	EndGlobalSection
	GlobalSection(SolutionProperties) = preSolution
		HideSolutionNode = FALSE
	EndGlobalSection
EndGlobal
